
Microsoft Visual Studio Solution File, Format Version 12.00
# Visual Studio Version 17
VisualStudioVersion = 17.4.33213.308
MinimumVisualStudioVersion = 10.0.40219.1
Project("{FAE04EC0-301F-11D3-BF4B-00C04F79EFBC}") = "TodoList", "TodoList\TodoList.csproj", "{C56F73D2-DC24-451E-8778-6BF2280D37E0}"
EndProject
Global
	GlobalSection(SolutionConfigurationPlatforms) = preSolution
		Debug|Any CPU = Debug|Any CPU
		Release|Any CPU = Release|Any CPU
	EndGlobalSection
	GlobalSection(ProjectConfigurationPlatforms) = postSolution
		{C56F73D2-DC24-451E-8778-6BF2280D37E0}.Debug|Any CPU.ActiveCfg = Debug|Any CPU
		{C56F73D2-DC24-451E-8778-6BF2280D37E0}.Debug|Any CPU.Build.0 = Debug|Any CPU
		{C56F73D2-DC24-451E-8778-6BF2280D37E0}.Release|Any CPU.ActiveCfg = Release|Any CPU
		{C56F73D2-DC24-451E-8778-6BF2280D37E0}.Release|Any CPU.Build.0 = Release|Any CPU
	EndGlobalSection
	GlobalSection(SolutionProperties) = preSolution
		HideSolutionNode = FALSE
	EndGlobalSection
	GlobalSection(ExtensibilityGlobals) = postSolution
		SolutionGuid = {2009C258-E521-4829-9F2D-DAAC79A15DEC}
	EndGlobalSection
EndGlobal
